
Microsoft Visual Studio Solution File, Format Version 12.00
# Visual Studio Version 17
VisualStudioVersion = 17.11.35327.3
MinimumVisualStudioVersion = 10.0.40219.1
Project("{FAE04EC0-301F-11D3-BF4B-00C04F79EFBC}") = "Ejercicio.NET_MAUI", "Ejercicio.NET_MAUI\Ejercicio.NET_MAUI.csproj", "{CA214806-BE8F-426D-8B9F-175062548A4D}"
EndProject
Global
	GlobalSection(SolutionConfigurationPlatforms) = preSolution
		Debug|Any CPU = Debug|Any CPU
		Release|Any CPU = Release|Any CPU
	EndGlobalSection
	GlobalSection(ProjectConfigurationPlatforms) = postSolution
		{CA214806-BE8F-426D-8B9F-175062548A4D}.Debug|Any CPU.ActiveCfg = Debug|Any CPU
		{CA214806-BE8F-426D-8B9F-175062548A4D}.Debug|Any CPU.Build.0 = Debug|Any CPU
		{CA214806-BE8F-426D-8B9F-175062548A4D}.Debug|Any CPU.Deploy.0 = Debug|Any CPU
		{CA214806-BE8F-426D-8B9F-175062548A4D}.Release|Any CPU.ActiveCfg = Release|Any CPU
		{CA214806-BE8F-426D-8B9F-175062548A4D}.Release|Any CPU.Build.0 = Release|Any CPU
		{CA214806-BE8F-426D-8B9F-175062548A4D}.Release|Any CPU.Deploy.0 = Release|Any CPU
	EndGlobalSection
	GlobalSection(SolutionProperties) = preSolution
		HideSolutionNode = FALSE
	EndGlobalSection
	GlobalSection(ExtensibilityGlobals) = postSolution
		SolutionGuid = {3E7348CE-2321-468D-B95A-247177AAEC1D}
	EndGlobalSection
EndGlobal
